
Microsoft Visual Studio Solution File, Format Version 12.00
# Visual Studio Version 17
VisualStudioVersion = 17.4.33122.133
MinimumVisualStudioVersion = 10.0.40219.1
Project("{FAE04EC0-301F-11D3-BF4B-00C04F79EFBC}") = "Lab2_Boyarschonok", "Lab2_Boyarschonok\Lab2_Boyarschonok.csproj", "{1A18E11F-D0B5-4D81-8497-ACCA1BF403A6}"
EndProject
Project("{FAE04EC0-301F-11D3-BF4B-00C04F79EFBC}") = "ENUM", "ENUM\ENUM.csproj", "{638CE2E4-1D5F-41EB-BD30-8FA7C911C812}"
EndProject
Global
	GlobalSection(SolutionConfigurationPlatforms) = preSolution
		Debug|Any CPU = Debug|Any CPU
		Release|Any CPU = Release|Any CPU
	EndGlobalSection
	GlobalSection(ProjectConfigurationPlatforms) = postSolution
		{1A18E11F-D0B5-4D81-8497-ACCA1BF403A6}.Debug|Any CPU.ActiveCfg = Debug|Any CPU
		{1A18E11F-D0B5-4D81-8497-ACCA1BF403A6}.Debug|Any CPU.Build.0 = Debug|Any CPU
		{1A18E11F-D0B5-4D81-8497-ACCA1BF403A6}.Release|Any CPU.ActiveCfg = Release|Any CPU
		{1A18E11F-D0B5-4D81-8497-ACCA1BF403A6}.Release|Any CPU.Build.0 = Release|Any CPU
		{638CE2E4-1D5F-41EB-BD30-8FA7C911C812}.Debug|Any CPU.ActiveCfg = Debug|Any CPU
		{638CE2E4-1D5F-41EB-BD30-8FA7C911C812}.Debug|Any CPU.Build.0 = Debug|Any CPU
		{638CE2E4-1D5F-41EB-BD30-8FA7C911C812}.Release|Any CPU.ActiveCfg = Release|Any CPU
		{638CE2E4-1D5F-41EB-BD30-8FA7C911C812}.Release|Any CPU.Build.0 = Release|Any CPU
	EndGlobalSection
	GlobalSection(SolutionProperties) = preSolution
		HideSolutionNode = FALSE
	EndGlobalSection
	GlobalSection(ExtensibilityGlobals) = postSolution
		SolutionGuid = {0E823BE3-450F-4F11-9CEB-6A9112A14FAC}
	EndGlobalSection
EndGlobal
